{
  "name": "package_validation",
  "version": "1.0.0",
  "lockfileVersion": 1,
  "requires": true,
  "dependencies": {
    "fs": {
      "version": "0.0.1-security",
      "resolved": "https://registry.npmjs.org/fs/-/fs-0.0.1-security.tgz",
      "integrity": "sha1-invTcYa23d84E/I4WLV+yq9eQdQ="
    },
    "node-fetch": {
      "version": "2.6.1",
      "resolved": "https://registry.npmjs.org/node-fetch/-/node-fetch-2.6.1.tgz",
      "integrity": "sha512-V4aYg89jEoVRxRb2fJdAg8FHvI7cEyYdVAh94HH0UIK8oJxUfkjlDQN9RbMx+bEjP7+ggMiFRprSti032Oipxw=="
    },
    "tldts": {
      "version": "5.7.38",
      "resolved": "https://registry.npmjs.org/tldts/-/tldts-5.7.38.tgz",
      "integrity": "sha512-Ji+xTLv8TAWq2y7/+RCC/OpWO7ExpgsZyijA27Q2uHElyaMrNhgjcZVbgvpwX0Imgk5w8jnJqRDLrmeIefma2Q==",
      "requires": {
        "tldts-core": "^5.7.38"
      }
    },
    "tldts-core": {
      "version": "5.7.38",
      "resolved": "https://registry.npmjs.org/tldts-core/-/tldts-core-5.7.38.tgz",
      "integrity": "sha512-mcL16YTXjpVJ+ekoKC/ddvdjGNMg8HkdWQNp3WNz26WJMV7Z2Hjr1IPwYYr9W3LxGdXV7mmg21Zk2vSstiSsFg=="
    }
  }
}
